// !$*UTF8*$!
{
	archiveVersion = 1;
	classes = {
	};
	objectVersion = 46;
	objects = {

/* Begin PBXBuildFile section */
		A21E654A18DCB1F700A8EE64 /* DITFeedParserHandler.m in Sources */ = {isa = PBXBuildFile; fileRef = A21E654918DCB1F700A8EE64 /* DITFeedParserHandler.m */; };
		A21E655218DCBFE700A8EE64 /* FeedEntry.m in Sources */ = {isa = PBXBuildFile; fileRef = A21E655118DCBFE700A8EE64 /* FeedEntry.m */; };
		A21E655318DCBFE700A8EE64 /* FeedEntry.m in Sources */ = {isa = PBXBuildFile; fileRef = A21E655118DCBFE700A8EE64 /* FeedEntry.m */; };
		A21E655A18DCCE7F00A8EE64 /* Feed.m in Sources */ = {isa = PBXBuildFile; fileRef = A21E655918DCCE7F00A8EE64 /* Feed.m */; };
		A21E655B18DCCE7F00A8EE64 /* Feed.m in Sources */ = {isa = PBXBuildFile; fileRef = A21E655918DCCE7F00A8EE64 /* Feed.m */; };
		A2462C3818DD8E9800050481 /* DITFeedParserTests.m in Sources */ = {isa = PBXBuildFile; fileRef = A2462C3718DD8E9800050481 /* DITFeedParserTests.m */; };
		A247A68518D72C1A008D9ED4 /* Foundation.framework in Frameworks */ = {isa = PBXBuildFile; fileRef = A247A68418D72C1A008D9ED4 /* Foundation.framework */; };
		A247A68718D72C1A008D9ED4 /* CoreGraphics.framework in Frameworks */ = {isa = PBXBuildFile; fileRef = A247A68618D72C1A008D9ED4 /* CoreGraphics.framework */; };
		A247A68918D72C1A008D9ED4 /* UIKit.framework in Frameworks */ = {isa = PBXBuildFile; fileRef = A247A68818D72C1A008D9ED4 /* UIKit.framework */; };
		A247A68B18D72C1A008D9ED4 /* CoreData.framework in Frameworks */ = {isa = PBXBuildFile; fileRef = A247A68A18D72C1A008D9ED4 /* CoreData.framework */; };
		A247A69118D72C1A008D9ED4 /* InfoPlist.strings in Resources */ = {isa = PBXBuildFile; fileRef = A247A68F18D72C1A008D9ED4 /* InfoPlist.strings */; };
		A247A69318D72C1A008D9ED4 /* main.m in Sources */ = {isa = PBXBuildFile; fileRef = A247A69218D72C1A008D9ED4 /* main.m */; };
		A247A69718D72C1A008D9ED4 /* DITAppDelegate.m in Sources */ = {isa = PBXBuildFile; fileRef = A247A69618D72C1A008D9ED4 /* DITAppDelegate.m */; };
		A247A69A18D72C1A008D9ED4 /* Main.storyboard in Resources */ = {isa = PBXBuildFile; fileRef = A247A69818D72C1A008D9ED4 /* Main.storyboard */; };
		A247A69D18D72C1A008D9ED4 /* RSSReader.xcdatamodeld in Sources */ = {isa = PBXBuildFile; fileRef = A247A69B18D72C1A008D9ED4 /* RSSReader.xcdatamodeld */; };
		A247A6A018D72C1A008D9ED4 /* DITMasterViewController.m in Sources */ = {isa = PBXBuildFile; fileRef = A247A69F18D72C1A008D9ED4 /* DITMasterViewController.m */; };
		A247A6A318D72C1A008D9ED4 /* DITDetailViewController.m in Sources */ = {isa = PBXBuildFile; fileRef = A247A6A218D72C1A008D9ED4 /* DITDetailViewController.m */; };
		A247A6A518D72C1A008D9ED4 /* Images.xcassets in Resources */ = {isa = PBXBuildFile; fileRef = A247A6A418D72C1A008D9ED4 /* Images.xcassets */; };
		A247A6AC18D72C1A008D9ED4 /* XCTest.framework in Frameworks */ = {isa = PBXBuildFile; fileRef = A247A6AB18D72C1A008D9ED4 /* XCTest.framework */; };
		A247A6AD18D72C1A008D9ED4 /* Foundation.framework in Frameworks */ = {isa = PBXBuildFile; fileRef = A247A68418D72C1A008D9ED4 /* Foundation.framework */; };
		A247A6AE18D72C1A008D9ED4 /* UIKit.framework in Frameworks */ = {isa = PBXBuildFile; fileRef = A247A68818D72C1A008D9ED4 /* UIKit.framework */; };
		A247A6AF18D72C1A008D9ED4 /* CoreData.framework in Frameworks */ = {isa = PBXBuildFile; fileRef = A247A68A18D72C1A008D9ED4 /* CoreData.framework */; };
		A247A6B718D72C1A008D9ED4 /* InfoPlist.strings in Resources */ = {isa = PBXBuildFile; fileRef = A247A6B518D72C1A008D9ED4 /* InfoPlist.strings */; };
		A247A6B918D72C1A008D9ED4 /* RSSReaderTests.m in Sources */ = {isa = PBXBuildFile; fileRef = A247A6B818D72C1A008D9ED4 /* RSSReaderTests.m */; };
		A256B8DC18DB297D00BBC753 /* DITFeedParserHelper.m in Sources */ = {isa = PBXBuildFile; fileRef = A256B8DB18DB297D00BBC753 /* DITFeedParserHelper.m */; };
		A256B8DD18DB297D00BBC753 /* DITFeedParserHelper.m in Sources */ = {isa = PBXBuildFile; fileRef = A256B8DB18DB297D00BBC753 /* DITFeedParserHelper.m */; };
		A27512F018DB0B3000614D14 /* DITCoreDataHelper.m in Sources */ = {isa = PBXBuildFile; fileRef = A27512EF18DB0B3000614D14 /* DITCoreDataHelper.m */; };
		A2B70D6E18DE0CD200D019C0 /* DITCoreDataHelperTests.m in Sources */ = {isa = PBXBuildFile; fileRef = A2B70D6D18DE0CD200D019C0 /* DITCoreDataHelperTests.m */; };
		A2C3753418D9F1A700469B13 /* DITFeedHelper.m in Sources */ = {isa = PBXBuildFile; fileRef = A2C3753318D9F1A700469B13 /* DITFeedHelper.m */; };
		FFCD9E58E5E44E448816E53F /* libPods.a in Frameworks */ = {isa = PBXBuildFile; fileRef = 03B5A4DF1D11489AA7FE46F6 /* libPods.a */; };
/* End PBXBuildFile section */

/* Begin PBXContainerItemProxy section */
		A247A6B018D72C1A008D9ED4 /* PBXContainerItemProxy */ = {
			isa = PBXContainerItemProxy;
			containerPortal = A247A67918D72C1A008D9ED4 /* Project object */;
			proxyType = 1;
			remoteGlobalIDString = A247A68018D72C1A008D9ED4;
			remoteInfo = RSSReader;
		};
/* End PBXContainerItemProxy section */

/* Begin PBXFileReference section */
		03B5A4DF1D11489AA7FE46F6 /* libPods.a */ = {isa = PBXFileReference; explicitFileType = archive.ar; includeInIndex = 0; path = libPods.a; sourceTree = BUILT_PRODUCTS_DIR; };
		97B183E864C34F6D8DE69402 /* Pods.xcconfig */ = {isa = PBXFileReference; includeInIndex = 1; lastKnownFileType = text.xcconfig; name = Pods.xcconfig; path = Pods/Pods.xcconfig; sourceTree = "<group>"; };
		A21E654818DCB1F700A8EE64 /* DITFeedParserHandler.h */ = {isa = PBXFileReference; fileEncoding = 4; lastKnownFileType = sourcecode.c.h; name = DITFeedParserHandler.h; path = Helpers/DITFeedParserHandler.h; sourceTree = "<group>"; };
		A21E654918DCB1F700A8EE64 /* DITFeedParserHandler.m */ = {isa = PBXFileReference; fileEncoding = 4; lastKnownFileType = sourcecode.c.objc; name = DITFeedParserHandler.m; path = Helpers/DITFeedParserHandler.m; sourceTree = "<group>"; };
		A21E655018DCBFE700A8EE64 /* FeedEntry.h */ = {isa = PBXFileReference; fileEncoding = 4; lastKnownFileType = sourcecode.c.h; name = FeedEntry.h; path = Models/FeedEntry.h; sourceTree = "<group>"; };
		A21E655118DCBFE700A8EE64 /* FeedEntry.m */ = {isa = PBXFileReference; fileEncoding = 4; lastKnownFileType = sourcecode.c.objc; name = FeedEntry.m; path = Models/FeedEntry.m; sourceTree = "<group>"; };
		A21E655818DCCE7F00A8EE64 /* Feed.h */ = {isa = PBXFileReference; fileEncoding = 4; lastKnownFileType = sourcecode.c.h; path = Feed.h; sourceTree = "<group>"; };
		A21E655918DCCE7F00A8EE64 /* Feed.m */ = {isa = PBXFileReference; fileEncoding = 4; lastKnownFileType = sourcecode.c.objc; path = Feed.m; sourceTree = "<group>"; };
		A2462C3718DD8E9800050481 /* DITFeedParserTests.m */ = {isa = PBXFileReference; fileEncoding = 4; lastKnownFileType = sourcecode.c.objc; path = DITFeedParserTests.m; sourceTree = "<group>"; };
		A247A68118D72C1A008D9ED4 /* RSSReader.app */ = {isa = PBXFileReference; explicitFileType = wrapper.application; includeInIndex = 0; path = RSSReader.app; sourceTree = BUILT_PRODUCTS_DIR; };
		A247A68418D72C1A008D9ED4 /* Foundation.framework */ = {isa = PBXFileReference; lastKnownFileType = wrapper.framework; name = Foundation.framework; path = System/Library/Frameworks/Foundation.framework; sourceTree = SDKROOT; };
		A247A68618D72C1A008D9ED4 /* CoreGraphics.framework */ = {isa = PBXFileReference; lastKnownFileType = wrapper.framework; name = CoreGraphics.framework; path = System/Library/Frameworks/CoreGraphics.framework; sourceTree = SDKROOT; };
		A247A68818D72C1A008D9ED4 /* UIKit.framework */ = {isa = PBXFileReference; lastKnownFileType = wrapper.framework; name = UIKit.framework; path = System/Library/Frameworks/UIKit.framework; sourceTree = SDKROOT; };
		A247A68A18D72C1A008D9ED4 /* CoreData.framework */ = {isa = PBXFileReference; lastKnownFileType = wrapper.framework; name = CoreData.framework; path = System/Library/Frameworks/CoreData.framework; sourceTree = SDKROOT; };
		A247A68E18D72C1A008D9ED4 /* RSSReader-Info.plist */ = {isa = PBXFileReference; lastKnownFileType = text.plist.xml; path = "RSSReader-Info.plist"; sourceTree = "<group>"; };
		A247A69018D72C1A008D9ED4 /* en */ = {isa = PBXFileReference; lastKnownFileType = text.plist.strings; name = en; path = en.lproj/InfoPlist.strings; sourceTree = "<group>"; };
		A247A69218D72C1A008D9ED4 /* main.m */ = {isa = PBXFileReference; lastKnownFileType = sourcecode.c.objc; path = main.m; sourceTree = "<group>"; };
		A247A69418D72C1A008D9ED4 /* RSSReader-Prefix.pch */ = {isa = PBXFileReference; lastKnownFileType = sourcecode.c.h; path = "RSSReader-Prefix.pch"; sourceTree = "<group>"; };
		A247A69518D72C1A008D9ED4 /* DITAppDelegate.h */ = {isa = PBXFileReference; lastKnownFileType = sourcecode.c.h; path = DITAppDelegate.h; sourceTree = "<group>"; };
		A247A69618D72C1A008D9ED4 /* DITAppDelegate.m */ = {isa = PBXFileReference; lastKnownFileType = sourcecode.c.objc; path = DITAppDelegate.m; sourceTree = "<group>"; };
		A247A69918D72C1A008D9ED4 /* Base */ = {isa = PBXFileReference; lastKnownFileType = file.storyboard; name = Base; path = Base.lproj/Main.storyboard; sourceTree = "<group>"; };
		A247A69C18D72C1A008D9ED4 /* RSSReader.xcdatamodel */ = {isa = PBXFileReference; lastKnownFileType = wrapper.xcdatamodel; path = RSSReader.xcdatamodel; sourceTree = "<group>"; };
		A247A69E18D72C1A008D9ED4 /* DITMasterViewController.h */ = {isa = PBXFileReference; lastKnownFileType = sourcecode.c.h; path = DITMasterViewController.h; sourceTree = "<group>"; };
		A247A69F18D72C1A008D9ED4 /* DITMasterViewController.m */ = {isa = PBXFileReference; lastKnownFileType = sourcecode.c.objc; path = DITMasterViewController.m; sourceTree = "<group>"; };
		A247A6A118D72C1A008D9ED4 /* DITDetailViewController.h */ = {isa = PBXFileReference; lastKnownFileType = sourcecode.c.h; path = DITDetailViewController.h; sourceTree = "<group>"; };
		A247A6A218D72C1A008D9ED4 /* DITDetailViewController.m */ = {isa = PBXFileReference; lastKnownFileType = sourcecode.c.objc; path = DITDetailViewController.m; sourceTree = "<group>"; };
		A247A6A418D72C1A008D9ED4 /* Images.xcassets */ = {isa = PBXFileReference; lastKnownFileType = folder.assetcatalog; path = Images.xcassets; sourceTree = "<group>"; };
		A247A6AA18D72C1A008D9ED4 /* RSSReaderTests.xctest */ = {isa = PBXFileReference; explicitFileType = wrapper.cfbundle; includeInIndex = 0; path = RSSReaderTests.xctest; sourceTree = BUILT_PRODUCTS_DIR; };
		A247A6AB18D72C1A008D9ED4 /* XCTest.framework */ = {isa = PBXFileReference; lastKnownFileType = wrapper.framework; name = XCTest.framework; path = Library/Frameworks/XCTest.framework; sourceTree = DEVELOPER_DIR; };
		A247A6B418D72C1A008D9ED4 /* RSSReaderTests-Info.plist */ = {isa = PBXFileReference; lastKnownFileType = text.plist.xml; path = "RSSReaderTests-Info.plist"; sourceTree = "<group>"; };
		A247A6B618D72C1A008D9ED4 /* en */ = {isa = PBXFileReference; lastKnownFileType = text.plist.strings; name = en; path = en.lproj/InfoPlist.strings; sourceTree = "<group>"; };
		A247A6B818D72C1A008D9ED4 /* RSSReaderTests.m */ = {isa = PBXFileReference; lastKnownFileType = sourcecode.c.objc; path = RSSReaderTests.m; sourceTree = "<group>"; };
		A256B8DA18DB297D00BBC753 /* DITFeedParserHelper.h */ = {isa = PBXFileReference; fileEncoding = 4; lastKnownFileType = sourcecode.c.h; name = DITFeedParserHelper.h; path = Helpers/DITFeedParserHelper.h; sourceTree = "<group>"; };
		A256B8DB18DB297D00BBC753 /* DITFeedParserHelper.m */ = {isa = PBXFileReference; fileEncoding = 4; lastKnownFileType = sourcecode.c.objc; name = DITFeedParserHelper.m; path = Helpers/DITFeedParserHelper.m; sourceTree = "<group>"; };
		A27512EE18DB0B3000614D14 /* DITCoreDataHelper.h */ = {isa = PBXFileReference; fileEncoding = 4; lastKnownFileType = sourcecode.c.h; name = DITCoreDataHelper.h; path = Helpers/DITCoreDataHelper.h; sourceTree = "<group>"; };
		A27512EF18DB0B3000614D14 /* DITCoreDataHelper.m */ = {isa = PBXFileReference; fileEncoding = 4; lastKnownFileType = sourcecode.c.objc; name = DITCoreDataHelper.m; path = Helpers/DITCoreDataHelper.m; sourceTree = "<group>"; };
		A2B70D6D18DE0CD200D019C0 /* DITCoreDataHelperTests.m */ = {isa = PBXFileReference; fileEncoding = 4; lastKnownFileType = sourcecode.c.objc; path = DITCoreDataHelperTests.m; sourceTree = "<group>"; };
		A2C3753218D9F1A700469B13 /* DITFeedHelper.h */ = {isa = PBXFileReference; fileEncoding = 4; lastKnownFileType = sourcecode.c.h; name = DITFeedHelper.h; path = Helpers/DITFeedHelper.h; sourceTree = "<group>"; };
		A2C3753318D9F1A700469B13 /* DITFeedHelper.m */ = {isa = PBXFileReference; fileEncoding = 4; lastKnownFileType = sourcecode.c.objc; name = DITFeedHelper.m; path = Helpers/DITFeedHelper.m; sourceTree = "<group>"; };
/* End PBXFileReference section */

/* Begin PBXFrameworksBuildPhase section */
		A247A67E18D72C1A008D9ED4 /* Frameworks */ = {
			isa = PBXFrameworksBuildPhase;
			buildActionMask = 2147483647;
			files = (
				A247A68718D72C1A008D9ED4 /* CoreGraphics.framework in Frameworks */,
				A247A68B18D72C1A008D9ED4 /* CoreData.framework in Frameworks */,
				A247A68918D72C1A008D9ED4 /* UIKit.framework in Frameworks */,
				A247A68518D72C1A008D9ED4 /* Foundation.framework in Frameworks */,
				FFCD9E58E5E44E448816E53F /* libPods.a in Frameworks */,
			);
			runOnlyForDeploymentPostprocessing = 0;
		};
		A247A6A718D72C1A008D9ED4 /* Frameworks */ = {
			isa = PBXFrameworksBuildPhase;
			buildActionMask = 2147483647;
			files = (
				A247A6AC18D72C1A008D9ED4 /* XCTest.framework in Frameworks */,
				A247A6AF18D72C1A008D9ED4 /* CoreData.framework in Frameworks */,
				A247A6AE18D72C1A008D9ED4 /* UIKit.framework in Frameworks */,
				A247A6AD18D72C1A008D9ED4 /* Foundation.framework in Frameworks */,
			);
			runOnlyForDeploymentPostprocessing = 0;
		};
/* End PBXFrameworksBuildPhase section */

/* Begin PBXGroup section */
		A21E654F18DCB3CB00A8EE64 /* Models */ = {
			isa = PBXGroup;
			children = (
				A21E655818DCCE7F00A8EE64 /* Feed.h */,
				A21E655918DCCE7F00A8EE64 /* Feed.m */,
				A21E655018DCBFE700A8EE64 /* FeedEntry.h */,
				A21E655118DCBFE700A8EE64 /* FeedEntry.m */,
			);
			name = Models;
			sourceTree = "<group>";
		};
		A247A67818D72C1A008D9ED4 = {
			isa = PBXGroup;
			children = (
				A247A68C18D72C1A008D9ED4 /* RSSReader */,
				A247A6B218D72C1A008D9ED4 /* RSSReaderTests */,
				A247A68318D72C1A008D9ED4 /* Frameworks */,
				A247A68218D72C1A008D9ED4 /* Products */,
				97B183E864C34F6D8DE69402 /* Pods.xcconfig */,
			);
			sourceTree = "<group>";
		};
		A247A68218D72C1A008D9ED4 /* Products */ = {
			isa = PBXGroup;
			children = (
				A247A68118D72C1A008D9ED4 /* RSSReader.app */,
				A247A6AA18D72C1A008D9ED4 /* RSSReaderTests.xctest */,
			);
			name = Products;
			sourceTree = "<group>";
		};
		A247A68318D72C1A008D9ED4 /* Frameworks */ = {
			isa = PBXGroup;
			children = (
				A247A68418D72C1A008D9ED4 /* Foundation.framework */,
				A247A68618D72C1A008D9ED4 /* CoreGraphics.framework */,
				A247A68818D72C1A008D9ED4 /* UIKit.framework */,
				A247A68A18D72C1A008D9ED4 /* CoreData.framework */,
				A247A6AB18D72C1A008D9ED4 /* XCTest.framework */,
				03B5A4DF1D11489AA7FE46F6 /* libPods.a */,
			);
			name = Frameworks;
			sourceTree = "<group>";
		};
		A247A68C18D72C1A008D9ED4 /* RSSReader */ = {
			isa = PBXGroup;
			children = (
				A21E654F18DCB3CB00A8EE64 /* Models */,
				A2C3753518D9F1AD00469B13 /* Helpers */,
				A247A69518D72C1A008D9ED4 /* DITAppDelegate.h */,
				A247A69618D72C1A008D9ED4 /* DITAppDelegate.m */,
				A247A69818D72C1A008D9ED4 /* Main.storyboard */,
				A247A69E18D72C1A008D9ED4 /* DITMasterViewController.h */,
				A247A69F18D72C1A008D9ED4 /* DITMasterViewController.m */,
				A247A6A118D72C1A008D9ED4 /* DITDetailViewController.h */,
				A247A6A218D72C1A008D9ED4 /* DITDetailViewController.m */,
				A247A6A418D72C1A008D9ED4 /* Images.xcassets */,
				A247A69B18D72C1A008D9ED4 /* RSSReader.xcdatamodeld */,
				A247A68D18D72C1A008D9ED4 /* Supporting Files */,
			);
			path = RSSReader;
			sourceTree = "<group>";
		};
		A247A68D18D72C1A008D9ED4 /* Supporting Files */ = {
			isa = PBXGroup;
			children = (
				A247A68E18D72C1A008D9ED4 /* RSSReader-Info.plist */,
				A247A68F18D72C1A008D9ED4 /* InfoPlist.strings */,
				A247A69218D72C1A008D9ED4 /* main.m */,
				A247A69418D72C1A008D9ED4 /* RSSReader-Prefix.pch */,
			);
			name = "Supporting Files";
			sourceTree = "<group>";
		};
		A247A6B218D72C1A008D9ED4 /* RSSReaderTests */ = {
			isa = PBXGroup;
			children = (
				A2B70D6D18DE0CD200D019C0 /* DITCoreDataHelperTests.m */,
				A247A6B818D72C1A008D9ED4 /* RSSReaderTests.m */,
				A247A6B318D72C1A008D9ED4 /* Supporting Files */,
				A2462C3718DD8E9800050481 /* DITFeedParserTests.m */,
			);
			path = RSSReaderTests;
			sourceTree = "<group>";
		};
		A247A6B318D72C1A008D9ED4 /* Supporting Files */ = {
			isa = PBXGroup;
			children = (
				A247A6B418D72C1A008D9ED4 /* RSSReaderTests-Info.plist */,
				A247A6B518D72C1A008D9ED4 /* InfoPlist.strings */,
			);
			name = "Supporting Files";
			sourceTree = "<group>";
		};
		A2C3753518D9F1AD00469B13 /* Helpers */ = {
			isa = PBXGroup;
			children = (
				A2C3753218D9F1A700469B13 /* DITFeedHelper.h */,
				A2C3753318D9F1A700469B13 /* DITFeedHelper.m */,
				A27512EE18DB0B3000614D14 /* DITCoreDataHelper.h */,
				A27512EF18DB0B3000614D14 /* DITCoreDataHelper.m */,
				A256B8DA18DB297D00BBC753 /* DITFeedParserHelper.h */,
				A256B8DB18DB297D00BBC753 /* DITFeedParserHelper.m */,
				A21E654818DCB1F700A8EE64 /* DITFeedParserHandler.h */,
				A21E654918DCB1F700A8EE64 /* DITFeedParserHandler.m */,
			);
			name = Helpers;
			sourceTree = "<group>";
		};
/* End PBXGroup section */

/* Begin PBXNativeTarget section */
		A247A68018D72C1A008D9ED4 /* RSSReader */ = {
			isa = PBXNativeTarget;
			buildConfigurationList = A247A6BC18D72C1A008D9ED4 /* Build configuration list for PBXNativeTarget "RSSReader" */;
			buildPhases = (
				6B3532E9F0F14EBF9F757C04 /* Check Pods Manifest.lock */,
				A247A67D18D72C1A008D9ED4 /* Sources */,
				A247A67E18D72C1A008D9ED4 /* Frameworks */,
				A247A67F18D72C1A008D9ED4 /* Resources */,
				AE6C0D388F9C448B971E4F40 /* Copy Pods Resources */,
			);
			buildRules = (
			);
			dependencies = (
			);
			name = RSSReader;
			productName = RSSReader;
			productReference = A247A68118D72C1A008D9ED4 /* RSSReader.app */;
			productType = "com.apple.product-type.application";
		};
		A247A6A918D72C1A008D9ED4 /* RSSReaderTests */ = {
			isa = PBXNativeTarget;
			buildConfigurationList = A247A6BF18D72C1A008D9ED4 /* Build configuration list for PBXNativeTarget "RSSReaderTests" */;
			buildPhases = (
				A247A6A618D72C1A008D9ED4 /* Sources */,
				A247A6A718D72C1A008D9ED4 /* Frameworks */,
				A247A6A818D72C1A008D9ED4 /* Resources */,
			);
			buildRules = (
			);
			dependencies = (
				A247A6B118D72C1A008D9ED4 /* PBXTargetDependency */,
			);
			name = RSSReaderTests;
			productName = RSSReaderTests;
			productReference = A247A6AA18D72C1A008D9ED4 /* RSSReaderTests.xctest */;
			productType = "com.apple.product-type.bundle.unit-test";
		};
/* End PBXNativeTarget section */

/* Begin PBXProject section */
		A247A67918D72C1A008D9ED4 /* Project object */ = {
			isa = PBXProject;
			attributes = {
				CLASSPREFIX = DIT;
				LastUpgradeCheck = 0510;
				ORGANIZATIONNAME = mdomans;
				TargetAttributes = {
					A247A6A918D72C1A008D9ED4 = {
						TestTargetID = A247A68018D72C1A008D9ED4;
					};
				};
			};
			buildConfigurationList = A247A67C18D72C1A008D9ED4 /* Build configuration list for PBXProject "RSSReader" */;
			compatibilityVersion = "Xcode 3.2";
			developmentRegion = English;
			hasScannedForEncodings = 0;
			knownRegions = (
				en,
				Base,
			);
			mainGroup = A247A67818D72C1A008D9ED4;
			productRefGroup = A247A68218D72C1A008D9ED4 /* Products */;
			projectDirPath = "";
			projectRoot = "";
			targets = (
				A247A68018D72C1A008D9ED4 /* RSSReader */,
				A247A6A918D72C1A008D9ED4 /* RSSReaderTests */,
			);
		};
/* End PBXProject section */

/* Begin PBXResourcesBuildPhase section */
		A247A67F18D72C1A008D9ED4 /* Resources */ = {
			isa = PBXResourcesBuildPhase;
			buildActionMask = 2147483647;
			files = (
				A247A6A518D72C1A008D9ED4 /* Images.xcassets in Resources */,
				A247A69118D72C1A008D9ED4 /* InfoPlist.strings in Resources */,
				A247A69A18D72C1A008D9ED4 /* Main.storyboard in Resources */,
			);
			runOnlyForDeploymentPostprocessing = 0;
		};
		A247A6A818D72C1A008D9ED4 /* Resources */ = {
			isa = PBXResourcesBuildPhase;
			buildActionMask = 2147483647;
			files = (
				A247A6B718D72C1A008D9ED4 /* InfoPlist.strings in Resources */,
			);
			runOnlyForDeploymentPostprocessing = 0;
		};
/* End PBXResourcesBuildPhase section */

/* Begin PBXShellScriptBuildPhase section */
		6B3532E9F0F14EBF9F757C04 /* Check Pods Manifest.lock */ = {
			isa = PBXShellScriptBuildPhase;
			buildActionMask = 2147483647;
			files = (
			);
			inputPaths = (
			);
			name = "Check Pods Manifest.lock";
			outputPaths = (
			);
			runOnlyForDeploymentPostprocessing = 0;
			shellPath = /bin/sh;
			shellScript = "diff \"${PODS_ROOT}/../Podfile.lock\" \"${PODS_ROOT}/Manifest.lock\" > /dev/null\nif [[ $? != 0 ]] ; then\n    cat << EOM\nerror: The sandbox is not in sync with the Podfile.lock. Run 'pod install' or update your CocoaPods installation.\nEOM\n    exit 1\nfi\n";
			showEnvVarsInLog = 0;
		};
		AE6C0D388F9C448B971E4F40 /* Copy Pods Resources */ = {
			isa = PBXShellScriptBuildPhase;
			buildActionMask = 2147483647;
			files = (
			);
			inputPaths = (
			);
			name = "Copy Pods Resources";
			outputPaths = (
			);
			runOnlyForDeploymentPostprocessing = 0;
			shellPath = /bin/sh;
			shellScript = "\"${SRCROOT}/Pods/Pods-resources.sh\"\n";
			showEnvVarsInLog = 0;
		};
/* End PBXShellScriptBuildPhase section */

/* Begin PBXSourcesBuildPhase section */
		A247A67D18D72C1A008D9ED4 /* Sources */ = {
			isa = PBXSourcesBuildPhase;
			buildActionMask = 2147483647;
			files = (
				A247A6A018D72C1A008D9ED4 /* DITMasterViewController.m in Sources */,
				A21E655218DCBFE700A8EE64 /* FeedEntry.m in Sources */,
				A247A69D18D72C1A008D9ED4 /* RSSReader.xcdatamodeld in Sources */,
				A256B8DC18DB297D00BBC753 /* DITFeedParserHelper.m in Sources */,
				A247A69718D72C1A008D9ED4 /* DITAppDelegate.m in Sources */,
				A247A6A318D72C1A008D9ED4 /* DITDetailViewController.m in Sources */,
				A27512F018DB0B3000614D14 /* DITCoreDataHelper.m in Sources */,
				A247A69318D72C1A008D9ED4 /* main.m in Sources */,
				A21E655A18DCCE7F00A8EE64 /* Feed.m in Sources */,
				A2C3753418D9F1A700469B13 /* DITFeedHelper.m in Sources */,
				A21E654A18DCB1F700A8EE64 /* DITFeedParserHandler.m in Sources */,
			);
			runOnlyForDeploymentPostprocessing = 0;
		};
		A247A6A618D72C1A008D9ED4 /* Sources */ = {
			isa = PBXSourcesBuildPhase;
			buildActionMask = 2147483647;
			files = (
				A21E655B18DCCE7F00A8EE64 /* Feed.m in Sources */,
				A2462C3818DD8E9800050481 /* DITFeedParserTests.m in Sources */,
				A21E655318DCBFE700A8EE64 /* FeedEntry.m in Sources */,
				A256B8DD18DB297D00BBC753 /* DITFeedParserHelper.m in Sources */,
				A2B70D6E18DE0CD200D019C0 /* DITCoreDataHelperTests.m in Sources */,
				A247A6B918D72C1A008D9ED4 /* RSSReaderTests.m in Sources */,
			);
			runOnlyForDeploymentPostprocessing = 0;
		};
/* End PBXSourcesBuildPhase section */

/* Begin PBXTargetDependency section */
		A247A6B118D72C1A008D9ED4 /* PBXTargetDependency */ = {
			isa = PBXTargetDependency;
			target = A247A68018D72C1A008D9ED4 /* RSSReader */;
			targetProxy = A247A6B018D72C1A008D9ED4 /* PBXContainerItemProxy */;
		};
/* End PBXTargetDependency section */

/* Begin PBXVariantGroup section */
		A247A68F18D72C1A008D9ED4 /* InfoPlist.strings */ = {
			isa = PBXVariantGroup;
			children = (
				A247A69018D72C1A008D9ED4 /* en */,
			);
			name = InfoPlist.strings;
			sourceTree = "<group>";
		};
		A247A69818D72C1A008D9ED4 /* Main.storyboard */ = {
			isa = PBXVariantGroup;
			children = (
				A247A69918D72C1A008D9ED4 /* Base */,
			);
			name = Main.storyboard;
			sourceTree = "<group>";
		};
		A247A6B518D72C1A008D9ED4 /* InfoPlist.strings */ = {
			isa = PBXVariantGroup;
			children = (
				A247A6B618D72C1A008D9ED4 /* en */,
			);
			name = InfoPlist.strings;
			sourceTree = "<group>";
		};
/* End PBXVariantGroup section */

/* Begin XCBuildConfiguration section */
		A247A6BA18D72C1A008D9ED4 /* Debug */ = {
			isa = XCBuildConfiguration;
			baseConfigurationReference = 97B183E864C34F6D8DE69402 /* Pods.xcconfig */;
			buildSettings = {
				ALWAYS_SEARCH_USER_PATHS = NO;
				CLANG_CXX_LANGUAGE_STANDARD = "gnu++0x";
				CLANG_CXX_LIBRARY = "libc++";
				CLANG_ENABLE_MODULES = YES;
				CLANG_ENABLE_OBJC_ARC = YES;
				CLANG_WARN_BOOL_CONVERSION = YES;
				CLANG_WARN_CONSTANT_CONVERSION = YES;
				CLANG_WARN_DIRECT_OBJC_ISA_USAGE = YES_ERROR;
				CLANG_WARN_EMPTY_BODY = YES;
				CLANG_WARN_ENUM_CONVERSION = YES;
				CLANG_WARN_INT_CONVERSION = YES;
				CLANG_WARN_OBJC_ROOT_CLASS = YES_ERROR;
				CLANG_WARN__DUPLICATE_METHOD_MATCH = YES;
				"CODE_SIGN_IDENTITY[sdk=iphoneos*]" = "iPhone Developer";
				COPY_PHASE_STRIP = NO;
				GCC_C_LANGUAGE_STANDARD = gnu99;
				GCC_DYNAMIC_NO_PIC = NO;
				GCC_OPTIMIZATION_LEVEL = 0;
				GCC_PREPROCESSOR_DEFINITIONS = (
					"DEBUG=1",
					"$(inherited)",
				);
				GCC_SYMBOLS_PRIVATE_EXTERN = NO;
				GCC_WARN_64_TO_32_BIT_CONVERSION = YES;
				GCC_WARN_ABOUT_RETURN_TYPE = YES_ERROR;
				GCC_WARN_UNDECLARED_SELECTOR = YES;
				GCC_WARN_UNINITIALIZED_AUTOS = YES_AGGRESSIVE;
				GCC_WARN_UNUSED_FUNCTION = YES;
				GCC_WARN_UNUSED_VARIABLE = YES;
				IPHONEOS_DEPLOYMENT_TARGET = 7.1;
				ONLY_ACTIVE_ARCH = YES;
				OTHER_LDFLAGS = (
					"-ObjC",
					"-framework",
					CFNetwork,
					"-framework",
					Foundation,
					"-framework",
					SenTestingKit,
					"-framework",
					XCTest,
				);
				SDKROOT = iphoneos;
				TEST_HOST = "$(BUNDLE_LOADER)";
			};
			name = Debug;
		};
		A247A6BB18D72C1A008D9ED4 /* Release */ = {
			isa = XCBuildConfiguration;
			baseConfigurationReference = 97B183E864C34F6D8DE69402 /* Pods.xcconfig */;
			buildSettings = {
				ALWAYS_SEARCH_USER_PATHS = NO;
				CLANG_CXX_LANGUAGE_STANDARD = "gnu++0x";
				CLANG_CXX_LIBRARY = "libc++";
				CLANG_ENABLE_MODULES = YES;
				CLANG_ENABLE_OBJC_ARC = YES;
				CLANG_WARN_BOOL_CONVERSION = YES;
				CLANG_WARN_CONSTANT_CONVERSION = YES;
				CLANG_WARN_DIRECT_OBJC_ISA_USAGE = YES_ERROR;
				CLANG_WARN_EMPTY_BODY = YES;
				CLANG_WARN_ENUM_CONVERSION = YES;
				CLANG_WARN_INT_CONVERSION = YES;
				CLANG_WARN_OBJC_ROOT_CLASS = YES_ERROR;
				CLANG_WARN__DUPLICATE_METHOD_MATCH = YES;
				"CODE_SIGN_IDENTITY[sdk=iphoneos*]" = "iPhone Developer";
				COPY_PHASE_STRIP = YES;
				ENABLE_NS_ASSERTIONS = NO;
				GCC_C_LANGUAGE_STANDARD = gnu99;
				GCC_WARN_64_TO_32_BIT_CONVERSION = YES;
				GCC_WARN_ABOUT_RETURN_TYPE = YES_ERROR;
				GCC_WARN_UNDECLARED_SELECTOR = YES;
				GCC_WARN_UNINITIALIZED_AUTOS = YES_AGGRESSIVE;
				GCC_WARN_UNUSED_FUNCTION = YES;
				GCC_WARN_UNUSED_VARIABLE = YES;
				IPHONEOS_DEPLOYMENT_TARGET = 7.1;
				OTHER_LDFLAGS = (
					"-ObjC",
					"-framework",
					CFNetwork,
					"-framework",
					Foundation,
					"-framework",
					SenTestingKit,
					"-framework",
					XCTest,
				);
				SDKROOT = iphoneos;
				TEST_HOST = "$(BUNDLE_LOADER)";
				VALIDATE_PRODUCT = YES;
			};
			name = Release;
		};
		A247A6BD18D72C1A008D9ED4 /* Debug */ = {
			isa = XCBuildConfiguration;
			baseConfigurationReference = 97B183E864C34F6D8DE69402 /* Pods.xcconfig */;
			buildSettings = {
				ASSETCATALOG_COMPILER_APPICON_NAME = AppIcon;
				ASSETCATALOG_COMPILER_LAUNCHIMAGE_NAME = LaunchImage;
				GCC_PRECOMPILE_PREFIX_HEADER = YES;
				GCC_PREFIX_HEADER = "RSSReader/RSSReader-Prefix.pch";
				INFOPLIST_FILE = "RSSReader/RSSReader-Info.plist";
				PRODUCT_NAME = "$(TARGET_NAME)";
				WRAPPER_EXTENSION = app;
			};
			name = Debug;
		};
		A247A6BE18D72C1A008D9ED4 /* Release */ = {
			isa = XCBuildConfiguration;
			baseConfigurationReference = 97B183E864C34F6D8DE69402 /* Pods.xcconfig */;
			buildSettings = {
				ASSETCATALOG_COMPILER_APPICON_NAME = AppIcon;
				ASSETCATALOG_COMPILER_LAUNCHIMAGE_NAME = LaunchImage;
				GCC_PRECOMPILE_PREFIX_HEADER = YES;
				GCC_PREFIX_HEADER = "RSSReader/RSSReader-Prefix.pch";
				INFOPLIST_FILE = "RSSReader/RSSReader-Info.plist";
				PRODUCT_NAME = "$(TARGET_NAME)";
				WRAPPER_EXTENSION = app;
			};
			name = Release;
		};
		A247A6C018D72C1A008D9ED4 /* Debug */ = {
			isa = XCBuildConfiguration;
			baseConfigurationReference = 97B183E864C34F6D8DE69402 /* Pods.xcconfig */;
			buildSettings = {
				BUNDLE_LOADER = "$(BUILT_PRODUCTS_DIR)/RSSReader.app/RSSReader";
				FRAMEWORK_SEARCH_PATHS = (
					"$(SDKROOT)/Developer/Library/Frameworks",
					"$(inherited)",
					"$(DEVELOPER_FRAMEWORKS_DIR)",
				);
				GCC_PRECOMPILE_PREFIX_HEADER = YES;
				GCC_PREFIX_HEADER = "RSSReader/RSSReader-Prefix.pch";
				GCC_PREPROCESSOR_DEFINITIONS = (
					"DEBUG=1",
					"$(inherited)",
				);
				INFOPLIST_FILE = "RSSReaderTests/RSSReaderTests-Info.plist";
				PRODUCT_NAME = "$(TARGET_NAME)";
				TEST_HOST = "$(BUNDLE_LOADER)";
				WRAPPER_EXTENSION = xctest;
			};
			name = Debug;
		};
		A247A6C118D72C1A008D9ED4 /* Release */ = {
			isa = XCBuildConfiguration;
			baseConfigurationReference = 97B183E864C34F6D8DE69402 /* Pods.xcconfig */;
			buildSettings = {
				BUNDLE_LOADER = "$(BUILT_PRODUCTS_DIR)/RSSReader.app/RSSReader";
				FRAMEWORK_SEARCH_PATHS = (
					"$(SDKROOT)/Developer/Library/Frameworks",
					"$(inherited)",
					"$(DEVELOPER_FRAMEWORKS_DIR)",
				);
				GCC_PRECOMPILE_PREFIX_HEADER = YES;
				GCC_PREFIX_HEADER = "RSSReader/RSSReader-Prefix.pch";
				INFOPLIST_FILE = "RSSReaderTests/RSSReaderTests-Info.plist";
				PRODUCT_NAME = "$(TARGET_NAME)";
				TEST_HOST = "$(BUNDLE_LOADER)";
				WRAPPER_EXTENSION = xctest;
			};
			name = Release;
		};
/* End XCBuildConfiguration section */

/* Begin XCConfigurationList section */
		A247A67C18D72C1A008D9ED4 /* Build configuration list for PBXProject "RSSReader" */ = {
			isa = XCConfigurationList;
			buildConfigurations = (
				A247A6BA18D72C1A008D9ED4 /* Debug */,
				A247A6BB18D72C1A008D9ED4 /* Release */,
			);
			defaultConfigurationIsVisible = 0;
			defaultConfigurationName = Release;
		};
		A247A6BC18D72C1A008D9ED4 /* Build configuration list for PBXNativeTarget "RSSReader" */ = {
			isa = XCConfigurationList;
			buildConfigurations = (
				A247A6BD18D72C1A008D9ED4 /* Debug */,
				A247A6BE18D72C1A008D9ED4 /* Release */,
			);
			defaultConfigurationIsVisible = 0;
			defaultConfigurationName = Release;
		};
		A247A6BF18D72C1A008D9ED4 /* Build configuration list for PBXNativeTarget "RSSReaderTests" */ = {
			isa = XCConfigurationList;
			buildConfigurations = (
				A247A6C018D72C1A008D9ED4 /* Debug */,
				A247A6C118D72C1A008D9ED4 /* Release */,
			);
			defaultConfigurationIsVisible = 0;
			defaultConfigurationName = Release;
		};
/* End XCConfigurationList section */

/* Begin XCVersionGroup section */
		A247A69B18D72C1A008D9ED4 /* RSSReader.xcdatamodeld */ = {
			isa = XCVersionGroup;
			children = (
				A247A69C18D72C1A008D9ED4 /* RSSReader.xcdatamodel */,
			);
			currentVersion = A247A69C18D72C1A008D9ED4 /* RSSReader.xcdatamodel */;
			path = RSSReader.xcdatamodeld;
			sourceTree = "<group>";
			versionGroupType = wrapper.xcdatamodel;
		};
/* End XCVersionGroup section */
	};
	rootObject = A247A67918D72C1A008D9ED4 /* Project object */;
}
